// !$*UTF8*$!
{
	archiveVersion = 1;
	classes = {
	};
	objectVersion = 56;
	objects = {

/* Begin PBXFileReference section */
		5F1B1B1A2C5E6B1A00A1B2C3 /* Gatekeeper.swift */ = {isa = PBXFileReference; lastKnownFileType = sourcecode.swift; path = Gatekeeper.swift; sourceTree = "<group>"; };
		5F1B1B1B2C5E6B1A00A1B2C3 /* Info.plist */ = {isa = PBXFileReference; lastKnownFileType = text.plist.xml; path = Info.plist; sourceTree = "<group>"; };
/* End PBXFileReference section */

/* Begin PBXGroup section */
		5F1B1B002C5E6B1A00A1B2C3 = {
			isa = PBXGroup;
			children = (
				5F1B1B1A2C5E6B1A00A1B2C3 /* Gatekeeper.swift */,
				5F1B1B1B2C5E6B1A00A1B2C3 /* Info.plist */,
			);
			sourceTree = "<group>";
		};
/* End PBXGroup section */

	};
	rootObject = 5F1B1B002C5E6B1A00A1B2C3;
}
